// !$*UTF8*$!
{
	archiveVersion = 1;
	classes = {
	};
	objectVersion = 46;
	objects = {

/* Begin PBXBuildFile section */
		6F82D28C8F7F193CB846144D /* libPods.a in Frameworks */ = {isa = PBXBuildFile; fileRef = 1D6E3DF58FB8A07F51C39221 /* libPods.a */; };
		AD0154AA1C21A5E700760FF0 /* addIcon@2x.png in Resources */ = {isa = PBXBuildFile; fileRef = AD0154A81C21A5E700760FF0 /* addIcon@2x.png */; };
		AD0154AB1C21A5E700760FF0 /* addIcon@3x.png in Resources */ = {isa = PBXBuildFile; fileRef = AD0154A91C21A5E700760FF0 /* addIcon@3x.png */; };
		AD0154AE1C21A9BE00760FF0 /* us@2x.png in Resources */ = {isa = PBXBuildFile; fileRef = AD0154AC1C21A9BE00760FF0 /* us@2x.png */; };
		AD0154AF1C21A9BE00760FF0 /* us@3x.png in Resources */ = {isa = PBXBuildFile; fileRef = AD0154AD1C21A9BE00760FF0 /* us@3x.png */; };
		AD1D04DA1BE8E82E00290AD5 /* main.m in Sources */ = {isa = PBXBuildFile; fileRef = AD1D04D91BE8E82E00290AD5 /* main.m */; };
		AD1D04DD1BE8E82E00290AD5 /* AppDelegate.m in Sources */ = {isa = PBXBuildFile; fileRef = AD1D04DC1BE8E82E00290AD5 /* AppDelegate.m */; };
		AD1D04E31BE8E82E00290AD5 /* Main.storyboard in Resources */ = {isa = PBXBuildFile; fileRef = AD1D04E11BE8E82E00290AD5 /* Main.storyboard */; };
		AD1D04E51BE8E82E00290AD5 /* Assets.xcassets in Resources */ = {isa = PBXBuildFile; fileRef = AD1D04E41BE8E82E00290AD5 /* Assets.xcassets */; };
		AD1D04F31BE8E82E00290AD5 /* SmallPocketTests.m in Sources */ = {isa = PBXBuildFile; fileRef = AD1D04F21BE8E82E00290AD5 /* SmallPocketTests.m */; };
		AD46D2811BF749E6002E71D2 /* btn_back@3x.png in Resources */ = {isa = PBXBuildFile; fileRef = AD46D2801BF749E6002E71D2 /* btn_back@3x.png */; };
		AD46D2A11BF775F9002E71D2 /* .DS_Store in Resources */ = {isa = PBXBuildFile; fileRef = AD46D2961BF775F9002E71D2 /* .DS_Store */; };
		AD46D2A21BF775F9002E71D2 /* tabbar_adv_select@3x.png in Resources */ = {isa = PBXBuildFile; fileRef = AD46D2971BF775F9002E71D2 /* tabbar_adv_select@3x.png */; };
		AD46D2A31BF775F9002E71D2 /* tabbar_adv@3x.png in Resources */ = {isa = PBXBuildFile; fileRef = AD46D2981BF775F9002E71D2 /* tabbar_adv@3x.png */; };
		AD46D2A41BF775F9002E71D2 /* tabbar_like_select@3x.png in Resources */ = {isa = PBXBuildFile; fileRef = AD46D2991BF775F9002E71D2 /* tabbar_like_select@3x.png */; };
		AD46D2A51BF775F9002E71D2 /* tabbar_like@3x.png in Resources */ = {isa = PBXBuildFile; fileRef = AD46D29A1BF775F9002E71D2 /* tabbar_like@3x.png */; };
		AD46D2A61BF775F9002E71D2 /* tabbar_more_select@3x.png in Resources */ = {isa = PBXBuildFile; fileRef = AD46D29B1BF775F9002E71D2 /* tabbar_more_select@3x.png */; };
		AD46D2A71BF775F9002E71D2 /* tabbar_more@3x.png in Resources */ = {isa = PBXBuildFile; fileRef = AD46D29C1BF775F9002E71D2 /* tabbar_more@3x.png */; };
		AD46D2A81BF775F9002E71D2 /* tabbar_square_select@3x.png in Resources */ = {isa = PBXBuildFile; fileRef = AD46D29D1BF775F9002E71D2 /* tabbar_square_select@3x.png */; };
		AD46D2A91BF775F9002E71D2 /* tabbar_square@3x.png in Resources */ = {isa = PBXBuildFile; fileRef = AD46D29E1BF775F9002E71D2 /* tabbar_square@3x.png */; };
		AD46D2AA1BF775F9002E71D2 /* tabbar_switch_select@3x.png in Resources */ = {isa = PBXBuildFile; fileRef = AD46D29F1BF775F9002E71D2 /* tabbar_switch_select@3x.png */; };
		AD46D2AB1BF775F9002E71D2 /* tabbar_switch@3x.png in Resources */ = {isa = PBXBuildFile; fileRef = AD46D2A01BF775F9002E71D2 /* tabbar_switch@3x.png */; };
		AD4729ED1C29AD5100F50EB8 /* AdvTableViewController.m in Sources */ = {isa = PBXBuildFile; fileRef = AD4729BD1C29AD5100F50EB8 /* AdvTableViewController.m */; };
		AD4729F11C29AD5100F50EB8 /* SearchVC.m in Sources */ = {isa = PBXBuildFile; fileRef = AD4729C61C29AD5100F50EB8 /* SearchVC.m */; };
		AD4729F21C29AD5100F50EB8 /* AboutUsVC.m in Sources */ = {isa = PBXBuildFile; fileRef = AD4729C91C29AD5100F50EB8 /* AboutUsVC.m */; };
		AD4729F31C29AD5100F50EB8 /* AppTypeListVC.m in Sources */ = {isa = PBXBuildFile; fileRef = AD4729CB1C29AD5100F50EB8 /* AppTypeListVC.m */; };
		AD4729F41C29AD5100F50EB8 /* MoreViewController.m in Sources */ = {isa = PBXBuildFile; fileRef = AD4729CD1C29AD5100F50EB8 /* MoreViewController.m */; };
		AD4729F51C29AD5100F50EB8 /* OpinionVC.m in Sources */ = {isa = PBXBuildFile; fileRef = AD4729CF1C29AD5100F50EB8 /* OpinionVC.m */; };
		AD4729F61C29AD5100F50EB8 /* UploadAppVC.m in Sources */ = {isa = PBXBuildFile; fileRef = AD4729D11C29AD5100F50EB8 /* UploadAppVC.m */; };
		AD4729F71C29AD5100F50EB8 /* SquareListCell.m in Sources */ = {isa = PBXBuildFile; fileRef = AD4729D41C29AD5100F50EB8 /* SquareListCell.m */; };
		AD4729F81C29AD5100F50EB8 /* SquareListHeaderCell.m in Sources */ = {isa = PBXBuildFile; fileRef = AD4729D61C29AD5100F50EB8 /* SquareListHeaderCell.m */; };
		AD4729F91C29AD5100F50EB8 /* SquareListVC.m in Sources */ = {isa = PBXBuildFile; fileRef = AD4729D81C29AD5100F50EB8 /* SquareListVC.m */; };
		AD4729FA1C29AD5100F50EB8 /* ISwitchViewController.m in Sources */ = {isa = PBXBuildFile; fileRef = AD4729DB1C29AD5100F50EB8 /* ISwitchViewController.m */; };
		AD4729FB1C29AD5100F50EB8 /* AppsModel.m in Sources */ = {isa = PBXBuildFile; fileRef = AD4729DE1C29AD5100F50EB8 /* AppsModel.m */; };
		AD4729FC1C29AD5100F50EB8 /* BaseModel.m in Sources */ = {isa = PBXBuildFile; fileRef = AD4729E01C29AD5100F50EB8 /* BaseModel.m */; };
		AD4729FD1C29AD5100F50EB8 /* OpenApps.m in Sources */ = {isa = PBXBuildFile; fileRef = AD4729E21C29AD5100F50EB8 /* OpenApps.m */; };
		AD4729FE1C29AD5100F50EB8 /* Api.m in Sources */ = {isa = PBXBuildFile; fileRef = AD4729E51C29AD5100F50EB8 /* Api.m */; };
		AD4729FF1C29AD5100F50EB8 /* SmallPocket.xcdatamodeld in Sources */ = {isa = PBXBuildFile; fileRef = AD4729E61C29AD5100F50EB8 /* SmallPocket.xcdatamodeld */; };
		AD472A001C29AD5100F50EB8 /* Util.m in Sources */ = {isa = PBXBuildFile; fileRef = AD4729E91C29AD5100F50EB8 /* Util.m */; };
		AD472A011C29AD5100F50EB8 /* OpenWebAppVC.m in Sources */ = {isa = PBXBuildFile; fileRef = AD4729EC1C29AD5100F50EB8 /* OpenWebAppVC.m */; };
		AD472A0B1C29AD8000F50EB8 /* CoreDataManager.m in Sources */ = {isa = PBXBuildFile; fileRef = AD472A051C29AD8000F50EB8 /* CoreDataManager.m */; };
		AD472A0C1C29AD8000F50EB8 /* NSManagedObject+ActiveRecord.m in Sources */ = {isa = PBXBuildFile; fileRef = AD472A071C29AD8000F50EB8 /* NSManagedObject+ActiveRecord.m */; };
		AD472A0D1C29AD8000F50EB8 /* NSManagedObject+Mappings.m in Sources */ = {isa = PBXBuildFile; fileRef = AD472A091C29AD8000F50EB8 /* NSManagedObject+Mappings.m */; };
		AD49B8271C2ABD0F00B3D75F /* delete@2x.png in Resources */ = {isa = PBXBuildFile; fileRef = AD49B8251C2ABD0F00B3D75F /* delete@2x.png */; };
		AD49B8281C2ABD0F00B3D75F /* delete@3x.png in Resources */ = {isa = PBXBuildFile; fileRef = AD49B8261C2ABD0F00B3D75F /* delete@3x.png */; };
		AD49B82B1C2ABF7F00B3D75F /* delApp@2x.png in Resources */ = {isa = PBXBuildFile; fileRef = AD49B8291C2ABF7F00B3D75F /* delApp@2x.png */; };
		AD49B82C1C2ABF7F00B3D75F /* delApp@3x.png in Resources */ = {isa = PBXBuildFile; fileRef = AD49B82A1C2ABF7F00B3D75F /* delApp@3x.png */; };
		AD49B82F1C2ABFD000B3D75F /* LikeIndexVC.m in Sources */ = {isa = PBXBuildFile; fileRef = AD49B82E1C2ABFD000B3D75F /* LikeIndexVC.m */; };
		AD59DC781BFCDA960027602A /* UIKit.framework in Frameworks */ = {isa = PBXBuildFile; fileRef = AD59DC771BFCDA960027602A /* UIKit.framework */; };
		AD59DC7A1BFCDA9D0027602A /* CoreFoundation.framework in Frameworks */ = {isa = PBXBuildFile; fileRef = AD59DC791BFCDA9D0027602A /* CoreFoundation.framework */; };
		AD59DC7C1BFCDAA50027602A /* Foundation.framework in Frameworks */ = {isa = PBXBuildFile; fileRef = AD59DC7B1BFCDAA50027602A /* Foundation.framework */; };
		AD59DC7E1BFCDAAF0027602A /* CoreGraphics.framework in Frameworks */ = {isa = PBXBuildFile; fileRef = AD59DC7D1BFCDAAF0027602A /* CoreGraphics.framework */; };
		AD9EDFC11C0AEE7900814ABD /* btn_search_select@2x.png in Resources */ = {isa = PBXBuildFile; fileRef = AD9EDFBF1C0AEE7900814ABD /* btn_search_select@2x.png */; };
		AD9EDFC21C0AEE7900814ABD /* btn_search@2x.png in Resources */ = {isa = PBXBuildFile; fileRef = AD9EDFC01C0AEE7900814ABD /* btn_search@2x.png */; };
		ADA64AE31BF72DC600FAA433 /* Podfile in Resources */ = {isa = PBXBuildFile; fileRef = ADA64AE21BF72DC600FAA433 /* Podfile */; };
		ADACFC391C2E534B009D9C12 /* bg@2x.png in Resources */ = {isa = PBXBuildFile; fileRef = ADACFC351C2E534B009D9C12 /* bg@2x.png */; };
		ADACFC3A1C2E534B009D9C12 /* bg@3x.png in Resources */ = {isa = PBXBuildFile; fileRef = ADACFC361C2E534B009D9C12 /* bg@3x.png */; };
		ADACFC3B1C2E534B009D9C12 /* Default-568h@2x.png in Resources */ = {isa = PBXBuildFile; fileRef = ADACFC371C2E534B009D9C12 /* Default-568h@2x.png */; };
		ADACFC3C1C2E534B009D9C12 /* Default@2x.png in Resources */ = {isa = PBXBuildFile; fileRef = ADACFC381C2E534B009D9C12 /* Default@2x.png */; };
		ADACFC411C301220009D9C12 /* Apps.m in Sources */ = {isa = PBXBuildFile; fileRef = ADACFC3E1C301220009D9C12 /* Apps.m */; };
		ADD2440F1C09DC95001EAC3E /* left_type@2x.png in Resources */ = {isa = PBXBuildFile; fileRef = ADD2440E1C09DC95001EAC3E /* left_type@2x.png */; };
		AF871DE81C2BDEE40037AD41 /* tabbar_adv_select@2x.png in Resources */ = {isa = PBXBuildFile; fileRef = AF871DDE1C2BDEE40037AD41 /* tabbar_adv_select@2x.png */; };
		AF871DE91C2BDEE40037AD41 /* tabbar_adv@2x.png in Resources */ = {isa = PBXBuildFile; fileRef = AF871DDF1C2BDEE40037AD41 /* tabbar_adv@2x.png */; };
		AF871DEA1C2BDEE40037AD41 /* tabbar_like_select@2x.png in Resources */ = {isa = PBXBuildFile; fileRef = AF871DE01C2BDEE40037AD41 /* tabbar_like_select@2x.png */; };
		AF871DEB1C2BDEE40037AD41 /* tabbar_like@2x.png in Resources */ = {isa = PBXBuildFile; fileRef = AF871DE11C2BDEE40037AD41 /* tabbar_like@2x.png */; };
		AF871DEC1C2BDEE40037AD41 /* tabbar_more_select@2x.png in Resources */ = {isa = PBXBuildFile; fileRef = AF871DE21C2BDEE40037AD41 /* tabbar_more_select@2x.png */; };
		AF871DED1C2BDEE40037AD41 /* tabbar_more@2x.png in Resources */ = {isa = PBXBuildFile; fileRef = AF871DE31C2BDEE40037AD41 /* tabbar_more@2x.png */; };
		AF871DEE1C2BDEE40037AD41 /* tabbar_square_select@2x.png in Resources */ = {isa = PBXBuildFile; fileRef = AF871DE41C2BDEE40037AD41 /* tabbar_square_select@2x.png */; };
		AF871DEF1C2BDEE40037AD41 /* tabbar_square@2x.png in Resources */ = {isa = PBXBuildFile; fileRef = AF871DE51C2BDEE40037AD41 /* tabbar_square@2x.png */; };
		AF871DF01C2BDEE40037AD41 /* tabbar_switch_select@2x.png in Resources */ = {isa = PBXBuildFile; fileRef = AF871DE61C2BDEE40037AD41 /* tabbar_switch_select@2x.png */; };
		AF871DF11C2BDEE40037AD41 /* tabbar_switch@2x.png in Resources */ = {isa = PBXBuildFile; fileRef = AF871DE71C2BDEE40037AD41 /* tabbar_switch@2x.png */; };
		AF8A72A71C2A34DF003FA50F /* black_bg@2x.png in Resources */ = {isa = PBXBuildFile; fileRef = AF8A72A51C2A34DF003FA50F /* black_bg@2x.png */; };
		AF8A72A81C2A34DF003FA50F /* black_bg@3x.png in Resources */ = {isa = PBXBuildFile; fileRef = AF8A72A61C2A34DF003FA50F /* black_bg@3x.png */; };
		AFD9BD331C21597500CB5C01 /* s_down_ed@2x.png in Resources */ = {isa = PBXBuildFile; fileRef = AFD9BD2F1C21597500CB5C01 /* s_down_ed@2x.png */; };
		AFD9BD341C21597500CB5C01 /* s_down@2x.png in Resources */ = {isa = PBXBuildFile; fileRef = AFD9BD301C21597500CB5C01 /* s_down@2x.png */; };
		AFD9BD351C21597500CB5C01 /* s_like_ed@2x.png in Resources */ = {isa = PBXBuildFile; fileRef = AFD9BD311C21597500CB5C01 /* s_like_ed@2x.png */; };
		AFD9BD361C21597500CB5C01 /* s_like@2x.png in Resources */ = {isa = PBXBuildFile; fileRef = AFD9BD321C21597500CB5C01 /* s_like@2x.png */; };
/* End PBXBuildFile section */

/* Begin PBXContainerItemProxy section */
		AD1D04EF1BE8E82E00290AD5 /* PBXContainerItemProxy */ = {
			isa = PBXContainerItemProxy;
			containerPortal = AD1D04CD1BE8E82E00290AD5 /* Project object */;
			proxyType = 1;
			remoteGlobalIDString = AD1D04D41BE8E82E00290AD5;
			remoteInfo = SmallPocket;
		};
/* End PBXContainerItemProxy section */

/* Begin PBXFileReference section */
		1D6E3DF58FB8A07F51C39221 /* libPods.a */ = {isa = PBXFileReference; explicitFileType = archive.ar; includeInIndex = 0; path = libPods.a; sourceTree = BUILT_PRODUCTS_DIR; };
		92D2E9CD36A7965A007E1E48 /* Pods.debug.xcconfig */ = {isa = PBXFileReference; includeInIndex = 1; lastKnownFileType = text.xcconfig; name = Pods.debug.xcconfig; path = "Pods/Target Support Files/Pods/Pods.debug.xcconfig"; sourceTree = "<group>"; };
		93AB9FDBB4C6866740BCD8AE /* Pods.release.xcconfig */ = {isa = PBXFileReference; includeInIndex = 1; lastKnownFileType = text.xcconfig; name = Pods.release.xcconfig; path = "Pods/Target Support Files/Pods/Pods.release.xcconfig"; sourceTree = "<group>"; };
		AD0154A81C21A5E700760FF0 /* addIcon@2x.png */ = {isa = PBXFileReference; lastKnownFileType = image.png; path = "addIcon@2x.png"; sourceTree = "<group>"; };
		AD0154A91C21A5E700760FF0 /* addIcon@3x.png */ = {isa = PBXFileReference; lastKnownFileType = image.png; path = "addIcon@3x.png"; sourceTree = "<group>"; };
		AD0154AC1C21A9BE00760FF0 /* us@2x.png */ = {isa = PBXFileReference; lastKnownFileType = image.png; path = "us@2x.png"; sourceTree = "<group>"; };
		AD0154AD1C21A9BE00760FF0 /* us@3x.png */ = {isa = PBXFileReference; lastKnownFileType = image.png; path = "us@3x.png"; sourceTree = "<group>"; };
		AD1D04D51BE8E82E00290AD5 /* SmallPocket.app */ = {isa = PBXFileReference; explicitFileType = wrapper.application; includeInIndex = 0; path = SmallPocket.app; sourceTree = BUILT_PRODUCTS_DIR; };
		AD1D04D91BE8E82E00290AD5 /* main.m */ = {isa = PBXFileReference; lastKnownFileType = sourcecode.c.objc; path = main.m; sourceTree = "<group>"; };
		AD1D04DB1BE8E82E00290AD5 /* AppDelegate.h */ = {isa = PBXFileReference; lastKnownFileType = sourcecode.c.h; path = AppDelegate.h; sourceTree = "<group>"; };
		AD1D04DC1BE8E82E00290AD5 /* AppDelegate.m */ = {isa = PBXFileReference; lastKnownFileType = sourcecode.c.objc; path = AppDelegate.m; sourceTree = "<group>"; };
		AD1D04E21BE8E82E00290AD5 /* Base */ = {isa = PBXFileReference; lastKnownFileType = file.storyboard; name = Base; path = Base.lproj/Main.storyboard; sourceTree = "<group>"; };
		AD1D04E41BE8E82E00290AD5 /* Assets.xcassets */ = {isa = PBXFileReference; lastKnownFileType = folder.assetcatalog; path = Assets.xcassets; sourceTree = "<group>"; };
		AD1D04E91BE8E82E00290AD5 /* Info.plist */ = {isa = PBXFileReference; lastKnownFileType = text.plist.xml; path = Info.plist; sourceTree = "<group>"; };
		AD1D04EE1BE8E82E00290AD5 /* SmallPocketTests.xctest */ = {isa = PBXFileReference; explicitFileType = wrapper.cfbundle; includeInIndex = 0; path = SmallPocketTests.xctest; sourceTree = BUILT_PRODUCTS_DIR; };
		AD1D04F21BE8E82E00290AD5 /* SmallPocketTests.m */ = {isa = PBXFileReference; lastKnownFileType = sourcecode.c.objc; path = SmallPocketTests.m; sourceTree = "<group>"; };
		AD1D04F41BE8E82E00290AD5 /* Info.plist */ = {isa = PBXFileReference; lastKnownFileType = text.plist.xml; path = Info.plist; sourceTree = "<group>"; };
		AD46D2801BF749E6002E71D2 /* btn_back@3x.png */ = {isa = PBXFileReference; lastKnownFileType = image.png; path = "btn_back@3x.png"; sourceTree = "<group>"; };
		AD46D2961BF775F9002E71D2 /* .DS_Store */ = {isa = PBXFileReference; lastKnownFileType = file; path = .DS_Store; sourceTree = "<group>"; };
		AD46D2971BF775F9002E71D2 /* tabbar_adv_select@3x.png */ = {isa = PBXFileReference; lastKnownFileType = image.png; path = "tabbar_adv_select@3x.png"; sourceTree = "<group>"; };
		AD46D2981BF775F9002E71D2 /* tabbar_adv@3x.png */ = {isa = PBXFileReference; lastKnownFileType = image.png; path = "tabbar_adv@3x.png"; sourceTree = "<group>"; };
		AD46D2991BF775F9002E71D2 /* tabbar_like_select@3x.png */ = {isa = PBXFileReference; lastKnownFileType = image.png; path = "tabbar_like_select@3x.png"; sourceTree = "<group>"; };
		AD46D29A1BF775F9002E71D2 /* tabbar_like@3x.png */ = {isa = PBXFileReference; lastKnownFileType = image.png; path = "tabbar_like@3x.png"; sourceTree = "<group>"; };
		AD46D29B1BF775F9002E71D2 /* tabbar_more_select@3x.png */ = {isa = PBXFileReference; lastKnownFileType = image.png; path = "tabbar_more_select@3x.png"; sourceTree = "<group>"; };
		AD46D29C1BF775F9002E71D2 /* tabbar_more@3x.png */ = {isa = PBXFileReference; lastKnownFileType = image.png; path = "tabbar_more@3x.png"; sourceTree = "<group>"; };
		AD46D29D1BF775F9002E71D2 /* tabbar_square_select@3x.png */ = {isa = PBXFileReference; lastKnownFileType = image.png; path = "tabbar_square_select@3x.png"; sourceTree = "<group>"; };
		AD46D29E1BF775F9002E71D2 /* tabbar_square@3x.png */ = {isa = PBXFileReference; lastKnownFileType = image.png; path = "tabbar_square@3x.png"; sourceTree = "<group>"; };
		AD46D29F1BF775F9002E71D2 /* tabbar_switch_select@3x.png */ = {isa = PBXFileReference; lastKnownFileType = image.png; path = "tabbar_switch_select@3x.png"; sourceTree = "<group>"; };
		AD46D2A01BF775F9002E71D2 /* tabbar_switch@3x.png */ = {isa = PBXFileReference; lastKnownFileType = image.png; path = "tabbar_switch@3x.png"; sourceTree = "<group>"; };
		AD4729BC1C29AD5100F50EB8 /* AdvTableViewController.h */ = {isa = PBXFileReference; fileEncoding = 4; lastKnownFileType = sourcecode.c.h; path = AdvTableViewController.h; sourceTree = "<group>"; };
		AD4729BD1C29AD5100F50EB8 /* AdvTableViewController.m */ = {isa = PBXFileReference; fileEncoding = 4; lastKnownFileType = sourcecode.c.objc; path = AdvTableViewController.m; sourceTree = "<group>"; };
		AD4729C51C29AD5100F50EB8 /* SearchVC.h */ = {isa = PBXFileReference; fileEncoding = 4; lastKnownFileType = sourcecode.c.h; path = SearchVC.h; sourceTree = "<group>"; };
		AD4729C61C29AD5100F50EB8 /* SearchVC.m */ = {isa = PBXFileReference; fileEncoding = 4; lastKnownFileType = sourcecode.c.objc; path = SearchVC.m; sourceTree = "<group>"; };
		AD4729C81C29AD5100F50EB8 /* AboutUsVC.h */ = {isa = PBXFileReference; fileEncoding = 4; lastKnownFileType = sourcecode.c.h; path = AboutUsVC.h; sourceTree = "<group>"; };
		AD4729C91C29AD5100F50EB8 /* AboutUsVC.m */ = {isa = PBXFileReference; fileEncoding = 4; lastKnownFileType = sourcecode.c.objc; path = AboutUsVC.m; sourceTree = "<group>"; };
		AD4729CA1C29AD5100F50EB8 /* AppTypeListVC.h */ = {isa = PBXFileReference; fileEncoding = 4; lastKnownFileType = sourcecode.c.h; path = AppTypeListVC.h; sourceTree = "<group>"; };
		AD4729CB1C29AD5100F50EB8 /* AppTypeListVC.m */ = {isa = PBXFileReference; fileEncoding = 4; lastKnownFileType = sourcecode.c.objc; path = AppTypeListVC.m; sourceTree = "<group>"; };
		AD4729CC1C29AD5100F50EB8 /* MoreViewController.h */ = {isa = PBXFileReference; fileEncoding = 4; lastKnownFileType = sourcecode.c.h; path = MoreViewController.h; sourceTree = "<group>"; };
		AD4729CD1C29AD5100F50EB8 /* MoreViewController.m */ = {isa = PBXFileReference; fileEncoding = 4; lastKnownFileType = sourcecode.c.objc; path = MoreViewController.m; sourceTree = "<group>"; };
		AD4729CE1C29AD5100F50EB8 /* OpinionVC.h */ = {isa = PBXFileReference; fileEncoding = 4; lastKnownFileType = sourcecode.c.h; path = OpinionVC.h; sourceTree = "<group>"; };
		AD4729CF1C29AD5100F50EB8 /* OpinionVC.m */ = {isa = PBXFileReference; fileEncoding = 4; lastKnownFileType = sourcecode.c.objc; path = OpinionVC.m; sourceTree = "<group>"; };
		AD4729D01C29AD5100F50EB8 /* UploadAppVC.h */ = {isa = PBXFileReference; fileEncoding = 4; lastKnownFileType = sourcecode.c.h; path = UploadAppVC.h; sourceTree = "<group>"; };
		AD4729D11C29AD5100F50EB8 /* UploadAppVC.m */ = {isa = PBXFileReference; fileEncoding = 4; lastKnownFileType = sourcecode.c.objc; path = UploadAppVC.m; sourceTree = "<group>"; };
		AD4729D31C29AD5100F50EB8 /* SquareListCell.h */ = {isa = PBXFileReference; fileEncoding = 4; lastKnownFileType = sourcecode.c.h; path = SquareListCell.h; sourceTree = "<group>"; };
		AD4729D41C29AD5100F50EB8 /* SquareListCell.m */ = {isa = PBXFileReference; fileEncoding = 4; lastKnownFileType = sourcecode.c.objc; path = SquareListCell.m; sourceTree = "<group>"; };
		AD4729D51C29AD5100F50EB8 /* SquareListHeaderCell.h */ = {isa = PBXFileReference; fileEncoding = 4; lastKnownFileType = sourcecode.c.h; path = SquareListHeaderCell.h; sourceTree = "<group>"; };
		AD4729D61C29AD5100F50EB8 /* SquareListHeaderCell.m */ = {isa = PBXFileReference; fileEncoding = 4; lastKnownFileType = sourcecode.c.objc; path = SquareListHeaderCell.m; sourceTree = "<group>"; };
		AD4729D71C29AD5100F50EB8 /* SquareListVC.h */ = {isa = PBXFileReference; fileEncoding = 4; lastKnownFileType = sourcecode.c.h; path = SquareListVC.h; sourceTree = "<group>"; };
		AD4729D81C29AD5100F50EB8 /* SquareListVC.m */ = {isa = PBXFileReference; fileEncoding = 4; lastKnownFileType = sourcecode.c.objc; path = SquareListVC.m; sourceTree = "<group>"; };
		AD4729DA1C29AD5100F50EB8 /* ISwitchViewController.h */ = {isa = PBXFileReference; fileEncoding = 4; lastKnownFileType = sourcecode.c.h; path = ISwitchViewController.h; sourceTree = "<group>"; };
		AD4729DB1C29AD5100F50EB8 /* ISwitchViewController.m */ = {isa = PBXFileReference; fileEncoding = 4; lastKnownFileType = sourcecode.c.objc; path = ISwitchViewController.m; sourceTree = "<group>"; };
		AD4729DD1C29AD5100F50EB8 /* AppsModel.h */ = {isa = PBXFileReference; fileEncoding = 4; lastKnownFileType = sourcecode.c.h; path = AppsModel.h; sourceTree = "<group>"; };
		AD4729DE1C29AD5100F50EB8 /* AppsModel.m */ = {isa = PBXFileReference; fileEncoding = 4; lastKnownFileType = sourcecode.c.objc; path = AppsModel.m; sourceTree = "<group>"; };
		AD4729DF1C29AD5100F50EB8 /* BaseModel.h */ = {isa = PBXFileReference; fileEncoding = 4; lastKnownFileType = sourcecode.c.h; path = BaseModel.h; sourceTree = "<group>"; };
		AD4729E01C29AD5100F50EB8 /* BaseModel.m */ = {isa = PBXFileReference; fileEncoding = 4; lastKnownFileType = sourcecode.c.objc; path = BaseModel.m; sourceTree = "<group>"; };
		AD4729E11C29AD5100F50EB8 /* OpenApps.h */ = {isa = PBXFileReference; fileEncoding = 4; lastKnownFileType = sourcecode.c.h; path = OpenApps.h; sourceTree = "<group>"; };
		AD4729E21C29AD5100F50EB8 /* OpenApps.m */ = {isa = PBXFileReference; fileEncoding = 4; lastKnownFileType = sourcecode.c.objc; path = OpenApps.m; sourceTree = "<group>"; };
		AD4729E41C29AD5100F50EB8 /* Api.h */ = {isa = PBXFileReference; fileEncoding = 4; lastKnownFileType = sourcecode.c.h; path = Api.h; sourceTree = "<group>"; };
		AD4729E51C29AD5100F50EB8 /* Api.m */ = {isa = PBXFileReference; fileEncoding = 4; lastKnownFileType = sourcecode.c.objc; path = Api.m; sourceTree = "<group>"; };
		AD4729E71C29AD5100F50EB8 /* SmallPocket.xcdatamodel */ = {isa = PBXFileReference; lastKnownFileType = wrapper.xcdatamodel; path = SmallPocket.xcdatamodel; sourceTree = "<group>"; };
		AD4729E81C29AD5100F50EB8 /* Util.h */ = {isa = PBXFileReference; fileEncoding = 4; lastKnownFileType = sourcecode.c.h; path = Util.h; sourceTree = "<group>"; };
		AD4729E91C29AD5100F50EB8 /* Util.m */ = {isa = PBXFileReference; fileEncoding = 4; lastKnownFileType = sourcecode.c.objc; path = Util.m; sourceTree = "<group>"; };
		AD4729EB1C29AD5100F50EB8 /* OpenWebAppVC.h */ = {isa = PBXFileReference; fileEncoding = 4; lastKnownFileType = sourcecode.c.h; path = OpenWebAppVC.h; sourceTree = "<group>"; };
		AD4729EC1C29AD5100F50EB8 /* OpenWebAppVC.m */ = {isa = PBXFileReference; fileEncoding = 4; lastKnownFileType = sourcecode.c.objc; path = OpenWebAppVC.m; sourceTree = "<group>"; };
		AD472A041C29AD8000F50EB8 /* CoreDataManager.h */ = {isa = PBXFileReference; fileEncoding = 4; lastKnownFileType = sourcecode.c.h; path = CoreDataManager.h; sourceTree = "<group>"; };
		AD472A051C29AD8000F50EB8 /* CoreDataManager.m */ = {isa = PBXFileReference; fileEncoding = 4; lastKnownFileType = sourcecode.c.objc; path = CoreDataManager.m; sourceTree = "<group>"; };
		AD472A061C29AD8000F50EB8 /* NSManagedObject+ActiveRecord.h */ = {isa = PBXFileReference; fileEncoding = 4; lastKnownFileType = sourcecode.c.h; path = "NSManagedObject+ActiveRecord.h"; sourceTree = "<group>"; };
		AD472A071C29AD8000F50EB8 /* NSManagedObject+ActiveRecord.m */ = {isa = PBXFileReference; fileEncoding = 4; lastKnownFileType = sourcecode.c.objc; path = "NSManagedObject+ActiveRecord.m"; sourceTree = "<group>"; };
		AD472A081C29AD8000F50EB8 /* NSManagedObject+Mappings.h */ = {isa = PBXFileReference; fileEncoding = 4; lastKnownFileType = sourcecode.c.h; path = "NSManagedObject+Mappings.h"; sourceTree = "<group>"; };
		AD472A091C29AD8000F50EB8 /* NSManagedObject+Mappings.m */ = {isa = PBXFileReference; fileEncoding = 4; lastKnownFileType = sourcecode.c.objc; path = "NSManagedObject+Mappings.m"; sourceTree = "<group>"; };
		AD472A0A1C29AD8000F50EB8 /* ObjectiveRecord.h */ = {isa = PBXFileReference; fileEncoding = 4; lastKnownFileType = sourcecode.c.h; path = ObjectiveRecord.h; sourceTree = "<group>"; };
		AD49B8251C2ABD0F00B3D75F /* delete@2x.png */ = {isa = PBXFileReference; lastKnownFileType = image.png; path = "delete@2x.png"; sourceTree = "<group>"; };
		AD49B8261C2ABD0F00B3D75F /* delete@3x.png */ = {isa = PBXFileReference; lastKnownFileType = image.png; path = "delete@3x.png"; sourceTree = "<group>"; };
		AD49B8291C2ABF7F00B3D75F /* delApp@2x.png */ = {isa = PBXFileReference; lastKnownFileType = image.png; path = "delApp@2x.png"; sourceTree = "<group>"; };
		AD49B82A1C2ABF7F00B3D75F /* delApp@3x.png */ = {isa = PBXFileReference; lastKnownFileType = image.png; path = "delApp@3x.png"; sourceTree = "<group>"; };
		AD49B82D1C2ABFD000B3D75F /* LikeIndexVC.h */ = {isa = PBXFileReference; fileEncoding = 4; lastKnownFileType = sourcecode.c.h; path = LikeIndexVC.h; sourceTree = "<group>"; };
		AD49B82E1C2ABFD000B3D75F /* LikeIndexVC.m */ = {isa = PBXFileReference; fileEncoding = 4; lastKnownFileType = sourcecode.c.objc; path = LikeIndexVC.m; sourceTree = "<group>"; };
		AD59DC771BFCDA960027602A /* UIKit.framework */ = {isa = PBXFileReference; lastKnownFileType = wrapper.framework; name = UIKit.framework; path = System/Library/Frameworks/UIKit.framework; sourceTree = SDKROOT; };
		AD59DC791BFCDA9D0027602A /* CoreFoundation.framework */ = {isa = PBXFileReference; lastKnownFileType = wrapper.framework; name = CoreFoundation.framework; path = System/Library/Frameworks/CoreFoundation.framework; sourceTree = SDKROOT; };
		AD59DC7B1BFCDAA50027602A /* Foundation.framework */ = {isa = PBXFileReference; lastKnownFileType = wrapper.framework; name = Foundation.framework; path = System/Library/Frameworks/Foundation.framework; sourceTree = SDKROOT; };
		AD59DC7D1BFCDAAF0027602A /* CoreGraphics.framework */ = {isa = PBXFileReference; lastKnownFileType = wrapper.framework; name = CoreGraphics.framework; path = System/Library/Frameworks/CoreGraphics.framework; sourceTree = SDKROOT; };
		AD9EDFBF1C0AEE7900814ABD /* btn_search_select@2x.png */ = {isa = PBXFileReference; lastKnownFileType = image.png; path = "btn_search_select@2x.png"; sourceTree = "<group>"; };
		AD9EDFC01C0AEE7900814ABD /* btn_search@2x.png */ = {isa = PBXFileReference; lastKnownFileType = image.png; path = "btn_search@2x.png"; sourceTree = "<group>"; };
		ADA64AE21BF72DC600FAA433 /* Podfile */ = {isa = PBXFileReference; fileEncoding = 4; lastKnownFileType = text; path = Podfile; sourceTree = "<group>"; xcLanguageSpecificationIdentifier = xcode.lang.ruby; };
		ADACFC351C2E534B009D9C12 /* bg@2x.png */ = {isa = PBXFileReference; lastKnownFileType = image.png; path = "bg@2x.png"; sourceTree = "<group>"; };
		ADACFC361C2E534B009D9C12 /* bg@3x.png */ = {isa = PBXFileReference; lastKnownFileType = image.png; path = "bg@3x.png"; sourceTree = "<group>"; };
		ADACFC371C2E534B009D9C12 /* Default-568h@2x.png */ = {isa = PBXFileReference; lastKnownFileType = image.png; path = "Default-568h@2x.png"; sourceTree = "<group>"; };
		ADACFC381C2E534B009D9C12 /* Default@2x.png */ = {isa = PBXFileReference; lastKnownFileType = image.png; path = "Default@2x.png"; sourceTree = "<group>"; };
		ADACFC3D1C301220009D9C12 /* Apps.h */ = {isa = PBXFileReference; fileEncoding = 4; lastKnownFileType = sourcecode.c.h; path = Apps.h; sourceTree = "<group>"; };
		ADACFC3E1C301220009D9C12 /* Apps.m */ = {isa = PBXFileReference; fileEncoding = 4; lastKnownFileType = sourcecode.c.objc; path = Apps.m; sourceTree = "<group>"; };
		ADD2440E1C09DC95001EAC3E /* left_type@2x.png */ = {isa = PBXFileReference; lastKnownFileType = image.png; path = "left_type@2x.png"; sourceTree = "<group>"; };
		AF871DDE1C2BDEE40037AD41 /* tabbar_adv_select@2x.png */ = {isa = PBXFileReference; lastKnownFileType = image.png; path = "tabbar_adv_select@2x.png"; sourceTree = "<group>"; };
		AF871DDF1C2BDEE40037AD41 /* tabbar_adv@2x.png */ = {isa = PBXFileReference; lastKnownFileType = image.png; path = "tabbar_adv@2x.png"; sourceTree = "<group>"; };
		AF871DE01C2BDEE40037AD41 /* tabbar_like_select@2x.png */ = {isa = PBXFileReference; lastKnownFileType = image.png; path = "tabbar_like_select@2x.png"; sourceTree = "<group>"; };
		AF871DE11C2BDEE40037AD41 /* tabbar_like@2x.png */ = {isa = PBXFileReference; lastKnownFileType = image.png; path = "tabbar_like@2x.png"; sourceTree = "<group>"; };
		AF871DE21C2BDEE40037AD41 /* tabbar_more_select@2x.png */ = {isa = PBXFileReference; lastKnownFileType = image.png; path = "tabbar_more_select@2x.png"; sourceTree = "<group>"; };
		AF871DE31C2BDEE40037AD41 /* tabbar_more@2x.png */ = {isa = PBXFileReference; lastKnownFileType = image.png; path = "tabbar_more@2x.png"; sourceTree = "<group>"; };
		AF871DE41C2BDEE40037AD41 /* tabbar_square_select@2x.png */ = {isa = PBXFileReference; lastKnownFileType = image.png; path = "tabbar_square_select@2x.png"; sourceTree = "<group>"; };
		AF871DE51C2BDEE40037AD41 /* tabbar_square@2x.png */ = {isa = PBXFileReference; lastKnownFileType = image.png; path = "tabbar_square@2x.png"; sourceTree = "<group>"; };
		AF871DE61C2BDEE40037AD41 /* tabbar_switch_select@2x.png */ = {isa = PBXFileReference; lastKnownFileType = image.png; path = "tabbar_switch_select@2x.png"; sourceTree = "<group>"; };
		AF871DE71C2BDEE40037AD41 /* tabbar_switch@2x.png */ = {isa = PBXFileReference; lastKnownFileType = image.png; path = "tabbar_switch@2x.png"; sourceTree = "<group>"; };
		AF8A72A51C2A34DF003FA50F /* black_bg@2x.png */ = {isa = PBXFileReference; lastKnownFileType = image.png; path = "black_bg@2x.png"; sourceTree = "<group>"; };
		AF8A72A61C2A34DF003FA50F /* black_bg@3x.png */ = {isa = PBXFileReference; lastKnownFileType = image.png; path = "black_bg@3x.png"; sourceTree = "<group>"; };
		AFD9BD2F1C21597500CB5C01 /* s_down_ed@2x.png */ = {isa = PBXFileReference; lastKnownFileType = image.png; path = "s_down_ed@2x.png"; sourceTree = "<group>"; };
		AFD9BD301C21597500CB5C01 /* s_down@2x.png */ = {isa = PBXFileReference; lastKnownFileType = image.png; path = "s_down@2x.png"; sourceTree = "<group>"; };
		AFD9BD311C21597500CB5C01 /* s_like_ed@2x.png */ = {isa = PBXFileReference; lastKnownFileType = image.png; path = "s_like_ed@2x.png"; sourceTree = "<group>"; };
		AFD9BD321C21597500CB5C01 /* s_like@2x.png */ = {isa = PBXFileReference; lastKnownFileType = image.png; path = "s_like@2x.png"; sourceTree = "<group>"; };
/* End PBXFileReference section */

/* Begin PBXFrameworksBuildPhase section */
		AD1D04D21BE8E82E00290AD5 /* Frameworks */ = {
			isa = PBXFrameworksBuildPhase;
			buildActionMask = 2147483647;
			files = (
				AD59DC7E1BFCDAAF0027602A /* CoreGraphics.framework in Frameworks */,
				AD59DC7C1BFCDAA50027602A /* Foundation.framework in Frameworks */,
				AD59DC7A1BFCDA9D0027602A /* CoreFoundation.framework in Frameworks */,
				AD59DC781BFCDA960027602A /* UIKit.framework in Frameworks */,
				6F82D28C8F7F193CB846144D /* libPods.a in Frameworks */,
			);
			runOnlyForDeploymentPostprocessing = 0;
		};
		AD1D04EB1BE8E82E00290AD5 /* Frameworks */ = {
			isa = PBXFrameworksBuildPhase;
			buildActionMask = 2147483647;
			files = (
			);
			runOnlyForDeploymentPostprocessing = 0;
		};
/* End PBXFrameworksBuildPhase section */

/* Begin PBXGroup section */
		7B56E48F13D0D509FA5FE117 /* Frameworks */ = {
			isa = PBXGroup;
			children = (
				AD59DC7D1BFCDAAF0027602A /* CoreGraphics.framework */,
				AD59DC7B1BFCDAA50027602A /* Foundation.framework */,
				AD59DC791BFCDA9D0027602A /* CoreFoundation.framework */,
				AD59DC771BFCDA960027602A /* UIKit.framework */,
				1D6E3DF58FB8A07F51C39221 /* libPods.a */,
			);
			name = Frameworks;
			sourceTree = "<group>";
		};
		AD1D04CC1BE8E82E00290AD5 = {
			isa = PBXGroup;
			children = (
				ADA64AE21BF72DC600FAA433 /* Podfile */,
				AD1D04D71BE8E82E00290AD5 /* SmallPocket */,
				AD1D04F11BE8E82E00290AD5 /* SmallPocketTests */,
				AD1D04D61BE8E82E00290AD5 /* Products */,
				E779EA0DF0B602345FAB8758 /* Pods */,
				7B56E48F13D0D509FA5FE117 /* Frameworks */,
			);
			sourceTree = "<group>";
		};
		AD1D04D61BE8E82E00290AD5 /* Products */ = {
			isa = PBXGroup;
			children = (
				AD1D04D51BE8E82E00290AD5 /* SmallPocket.app */,
				AD1D04EE1BE8E82E00290AD5 /* SmallPocketTests.xctest */,
			);
			name = Products;
			sourceTree = "<group>";
		};
		AD1D04D71BE8E82E00290AD5 /* SmallPocket */ = {
			isa = PBXGroup;
			children = (
				ADA64AEC1BF7344900FAA433 /* common */,
				ADA64AE41BF7343B00FAA433 /* resources */,
				AD4729B91C29AD5100F50EB8 /* Source */,
				AD1D04E41BE8E82E00290AD5 /* Assets.xcassets */,
				AD1D04D81BE8E82E00290AD5 /* Supporting Files */,
			);
			path = SmallPocket;
			sourceTree = "<group>";
		};
		AD1D04D81BE8E82E00290AD5 /* Supporting Files */ = {
			isa = PBXGroup;
			children = (
				AD1D04D91BE8E82E00290AD5 /* main.m */,
			);
			name = "Supporting Files";
			sourceTree = "<group>";
		};
		AD1D04F11BE8E82E00290AD5 /* SmallPocketTests */ = {
			isa = PBXGroup;
			children = (
				AD1D04F21BE8E82E00290AD5 /* SmallPocketTests.m */,
				AD1D04F41BE8E82E00290AD5 /* Info.plist */,
			);
			path = SmallPocketTests;
			sourceTree = "<group>";
		};
		AD4729B91C29AD5100F50EB8 /* Source */ = {
			isa = PBXGroup;
			children = (
				AD4729BA1C29AD5100F50EB8 /* Controller */,
				AD4729DC1C29AD5100F50EB8 /* Model */,
				AD4729EA1C29AD5100F50EB8 /* View */,
				AD4729E31C29AD5100F50EB8 /* Util */,
				AD472A021C29AD8000F50EB8 /* Vender */,
			);
			path = Source;
			sourceTree = "<group>";
		};
		AD4729BA1C29AD5100F50EB8 /* Controller */ = {
			isa = PBXGroup;
			children = (
				AD4729BB1C29AD5100F50EB8 /* Adv */,
				AD4729D91C29AD5100F50EB8 /* Switch */,
				AD4729BE1C29AD5100F50EB8 /* Like */,
				AD4729D21C29AD5100F50EB8 /* Square */,
				AD4729C71C29AD5100F50EB8 /* More */,
			);
			path = Controller;
			sourceTree = "<group>";
		};
		AD4729BB1C29AD5100F50EB8 /* Adv */ = {
			isa = PBXGroup;
			children = (
				AD4729BC1C29AD5100F50EB8 /* AdvTableViewController.h */,
				AD4729BD1C29AD5100F50EB8 /* AdvTableViewController.m */,
			);
			path = Adv;
			sourceTree = "<group>";
		};
		AD4729BE1C29AD5100F50EB8 /* Like */ = {
			isa = PBXGroup;
			children = (
				AD49B82D1C2ABFD000B3D75F /* LikeIndexVC.h */,
				AD49B82E1C2ABFD000B3D75F /* LikeIndexVC.m */,
				AD4729C51C29AD5100F50EB8 /* SearchVC.h */,
				AD4729C61C29AD5100F50EB8 /* SearchVC.m */,
			);
			path = Like;
			sourceTree = "<group>";
		};
		AD4729C71C29AD5100F50EB8 /* More */ = {
			isa = PBXGroup;
			children = (
				AD4729C81C29AD5100F50EB8 /* AboutUsVC.h */,
				AD4729C91C29AD5100F50EB8 /* AboutUsVC.m */,
				AD4729CA1C29AD5100F50EB8 /* AppTypeListVC.h */,
				AD4729CB1C29AD5100F50EB8 /* AppTypeListVC.m */,
				AD4729CC1C29AD5100F50EB8 /* MoreViewController.h */,
				AD4729CD1C29AD5100F50EB8 /* MoreViewController.m */,
				AD4729CE1C29AD5100F50EB8 /* OpinionVC.h */,
				AD4729CF1C29AD5100F50EB8 /* OpinionVC.m */,
				AD4729D01C29AD5100F50EB8 /* UploadAppVC.h */,
				AD4729D11C29AD5100F50EB8 /* UploadAppVC.m */,
			);
			path = More;
			sourceTree = "<group>";
		};
		AD4729D21C29AD5100F50EB8 /* Square */ = {
			isa = PBXGroup;
			children = (
				AD4729D71C29AD5100F50EB8 /* SquareListVC.h */,
				AD4729D81C29AD5100F50EB8 /* SquareListVC.m */,
				AD4729D51C29AD5100F50EB8 /* SquareListHeaderCell.h */,
				AD4729D61C29AD5100F50EB8 /* SquareListHeaderCell.m */,
				AD4729D31C29AD5100F50EB8 /* SquareListCell.h */,
				AD4729D41C29AD5100F50EB8 /* SquareListCell.m */,
			);
			path = Square;
			sourceTree = "<group>";
		};
		AD4729D91C29AD5100F50EB8 /* Switch */ = {
			isa = PBXGroup;
			children = (
				AD4729DA1C29AD5100F50EB8 /* ISwitchViewController.h */,
				AD4729DB1C29AD5100F50EB8 /* ISwitchViewController.m */,
			);
			path = Switch;
			sourceTree = "<group>";
		};
		AD4729DC1C29AD5100F50EB8 /* Model */ = {
			isa = PBXGroup;
			children = (
				AD4729DD1C29AD5100F50EB8 /* AppsModel.h */,
				AD4729DE1C29AD5100F50EB8 /* AppsModel.m */,
				ADACFC3D1C301220009D9C12 /* Apps.h */,
				ADACFC3E1C301220009D9C12 /* Apps.m */,
				AD4729DF1C29AD5100F50EB8 /* BaseModel.h */,
				AD4729E01C29AD5100F50EB8 /* BaseModel.m */,
				AD4729E11C29AD5100F50EB8 /* OpenApps.h */,
				AD4729E21C29AD5100F50EB8 /* OpenApps.m */,
			);
			path = Model;
			sourceTree = "<group>";
		};
		AD4729E31C29AD5100F50EB8 /* Util */ = {
			isa = PBXGroup;
			children = (
				AD4729E41C29AD5100F50EB8 /* Api.h */,
				AD4729E51C29AD5100F50EB8 /* Api.m */,
				AD4729E61C29AD5100F50EB8 /* SmallPocket.xcdatamodeld */,
				AD4729E81C29AD5100F50EB8 /* Util.h */,
				AD4729E91C29AD5100F50EB8 /* Util.m */,
			);
			path = Util;
			sourceTree = "<group>";
		};
		AD4729EA1C29AD5100F50EB8 /* View */ = {
			isa = PBXGroup;
			children = (
				AD4729EB1C29AD5100F50EB8 /* OpenWebAppVC.h */,
				AD4729EC1C29AD5100F50EB8 /* OpenWebAppVC.m */,
			);
			path = View;
			sourceTree = "<group>";
		};
		AD472A021C29AD8000F50EB8 /* Vender */ = {
			isa = PBXGroup;
			children = (
				AD472A031C29AD8000F50EB8 /* ObjectiveRecord */,
			);
			path = Vender;
			sourceTree = "<group>";
		};
		AD472A031C29AD8000F50EB8 /* ObjectiveRecord */ = {
			isa = PBXGroup;
			children = (
				AD472A041C29AD8000F50EB8 /* CoreDataManager.h */,
				AD472A051C29AD8000F50EB8 /* CoreDataManager.m */,
				AD472A061C29AD8000F50EB8 /* NSManagedObject+ActiveRecord.h */,
				AD472A071C29AD8000F50EB8 /* NSManagedObject+ActiveRecord.m */,
				AD472A081C29AD8000F50EB8 /* NSManagedObject+Mappings.h */,
				AD472A091C29AD8000F50EB8 /* NSManagedObject+Mappings.m */,
				AD472A0A1C29AD8000F50EB8 /* ObjectiveRecord.h */,
			);
			path = ObjectiveRecord;
			sourceTree = "<group>";
		};
		ADA64AE41BF7343B00FAA433 /* resources */ = {
			isa = PBXGroup;
			children = (
				ADA64AE51BF7343B00FAA433 /* images */,
			);
			path = resources;
			sourceTree = "<group>";
		};
		ADA64AE51BF7343B00FAA433 /* images */ = {
			isa = PBXGroup;
			children = (
				AD49B8291C2ABF7F00B3D75F /* delApp@2x.png */,
				AD49B82A1C2ABF7F00B3D75F /* delApp@3x.png */,
				AD49B8251C2ABD0F00B3D75F /* delete@2x.png */,
				AD49B8261C2ABD0F00B3D75F /* delete@3x.png */,
				AF8A72A51C2A34DF003FA50F /* black_bg@2x.png */,
				AF8A72A61C2A34DF003FA50F /* black_bg@3x.png */,
				AD0154AC1C21A9BE00760FF0 /* us@2x.png */,
				AD0154AD1C21A9BE00760FF0 /* us@3x.png */,
				AD0154A81C21A5E700760FF0 /* addIcon@2x.png */,
				AD0154A91C21A5E700760FF0 /* addIcon@3x.png */,
				AFD9BD2F1C21597500CB5C01 /* s_down_ed@2x.png */,
				AFD9BD301C21597500CB5C01 /* s_down@2x.png */,
				AFD9BD311C21597500CB5C01 /* s_like_ed@2x.png */,
				AFD9BD321C21597500CB5C01 /* s_like@2x.png */,
				AD9EDFBF1C0AEE7900814ABD /* btn_search_select@2x.png */,
				AD9EDFC01C0AEE7900814ABD /* btn_search@2x.png */,
				ADD2440E1C09DC95001EAC3E /* left_type@2x.png */,
				AD46D2801BF749E6002E71D2 /* btn_back@3x.png */,
				ADACFC351C2E534B009D9C12 /* bg@2x.png */,
				ADACFC361C2E534B009D9C12 /* bg@3x.png */,
				ADACFC371C2E534B009D9C12 /* Default-568h@2x.png */,
				ADACFC381C2E534B009D9C12 /* Default@2x.png */,
				ADA64B041BF7392600FAA433 /* tabbar */,
			);
			path = images;
			sourceTree = "<group>";
		};
		ADA64AEC1BF7344900FAA433 /* common */ = {
			isa = PBXGroup;
			children = (
				AD1D04DB1BE8E82E00290AD5 /* AppDelegate.h */,
				AD1D04DC1BE8E82E00290AD5 /* AppDelegate.m */,
				AD1D04E11BE8E82E00290AD5 /* Main.storyboard */,
				AD1D04E91BE8E82E00290AD5 /* Info.plist */,
			);
			name = common;
			sourceTree = "<group>";
		};
		ADA64B041BF7392600FAA433 /* tabbar */ = {
			isa = PBXGroup;
			children = (
				AD46D2961BF775F9002E71D2 /* .DS_Store */,
				AF871DDE1C2BDEE40037AD41 /* tabbar_adv_select@2x.png */,
				AF871DDF1C2BDEE40037AD41 /* tabbar_adv@2x.png */,
				AF871DE01C2BDEE40037AD41 /* tabbar_like_select@2x.png */,
				AF871DE11C2BDEE40037AD41 /* tabbar_like@2x.png */,
				AF871DE21C2BDEE40037AD41 /* tabbar_more_select@2x.png */,
				AF871DE31C2BDEE40037AD41 /* tabbar_more@2x.png */,
				AF871DE41C2BDEE40037AD41 /* tabbar_square_select@2x.png */,
				AF871DE51C2BDEE40037AD41 /* tabbar_square@2x.png */,
				AF871DE61C2BDEE40037AD41 /* tabbar_switch_select@2x.png */,
				AF871DE71C2BDEE40037AD41 /* tabbar_switch@2x.png */,
				AD46D2971BF775F9002E71D2 /* tabbar_adv_select@3x.png */,
				AD46D2981BF775F9002E71D2 /* tabbar_adv@3x.png */,
				AD46D2991BF775F9002E71D2 /* tabbar_like_select@3x.png */,
				AD46D29A1BF775F9002E71D2 /* tabbar_like@3x.png */,
				AD46D29B1BF775F9002E71D2 /* tabbar_more_select@3x.png */,
				AD46D29C1BF775F9002E71D2 /* tabbar_more@3x.png */,
				AD46D29D1BF775F9002E71D2 /* tabbar_square_select@3x.png */,
				AD46D29E1BF775F9002E71D2 /* tabbar_square@3x.png */,
				AD46D29F1BF775F9002E71D2 /* tabbar_switch_select@3x.png */,
				AD46D2A01BF775F9002E71D2 /* tabbar_switch@3x.png */,
			);
			path = tabbar;
			sourceTree = "<group>";
		};
		E779EA0DF0B602345FAB8758 /* Pods */ = {
			isa = PBXGroup;
			children = (
				92D2E9CD36A7965A007E1E48 /* Pods.debug.xcconfig */,
				93AB9FDBB4C6866740BCD8AE /* Pods.release.xcconfig */,
			);
			name = Pods;
			sourceTree = "<group>";
		};
/* End PBXGroup section */

/* Begin PBXNativeTarget section */
		AD1D04D41BE8E82E00290AD5 /* SmallPocket */ = {
			isa = PBXNativeTarget;
			buildConfigurationList = AD1D04F71BE8E82E00290AD5 /* Build configuration list for PBXNativeTarget "SmallPocket" */;
			buildPhases = (
				078EB6DD9A4FA9A5FEBCF5BE /* Check Pods Manifest.lock */,
				AD1D04D11BE8E82E00290AD5 /* Sources */,
				AD1D04D21BE8E82E00290AD5 /* Frameworks */,
				AD1D04D31BE8E82E00290AD5 /* Resources */,
				B9A2756B71BC883958409F3C /* Embed Pods Frameworks */,
				279F48A7BAC2431630F4A13B /* Copy Pods Resources */,
			);
			buildRules = (
			);
			dependencies = (
			);
			name = SmallPocket;
			productName = SmallPocket;
			productReference = AD1D04D51BE8E82E00290AD5 /* SmallPocket.app */;
			productType = "com.apple.product-type.application";
		};
		AD1D04ED1BE8E82E00290AD5 /* SmallPocketTests */ = {
			isa = PBXNativeTarget;
			buildConfigurationList = AD1D04FA1BE8E82E00290AD5 /* Build configuration list for PBXNativeTarget "SmallPocketTests" */;
			buildPhases = (
				AD1D04EA1BE8E82E00290AD5 /* Sources */,
				AD1D04EB1BE8E82E00290AD5 /* Frameworks */,
				AD1D04EC1BE8E82E00290AD5 /* Resources */,
			);
			buildRules = (
			);
			dependencies = (
				AD1D04F01BE8E82E00290AD5 /* PBXTargetDependency */,
			);
			name = SmallPocketTests;
			productName = SmallPocketTests;
			productReference = AD1D04EE1BE8E82E00290AD5 /* SmallPocketTests.xctest */;
			productType = "com.apple.product-type.bundle.unit-test";
		};
/* End PBXNativeTarget section */

/* Begin PBXProject section */
		AD1D04CD1BE8E82E00290AD5 /* Project object */ = {
			isa = PBXProject;
			attributes = {
				LastUpgradeCheck = 0710;
				ORGANIZATIONNAME = ghostfei;
				TargetAttributes = {
					AD1D04D41BE8E82E00290AD5 = {
						CreatedOnToolsVersion = 7.1;
						DevelopmentTeam = V347XFFX68;
						SystemCapabilities = {
							com.apple.BackgroundModes = {
								enabled = 0;
							};
							com.apple.Push = {
								enabled = 0;
							};
						};
					};
					AD1D04ED1BE8E82E00290AD5 = {
						CreatedOnToolsVersion = 7.1;
						TestTargetID = AD1D04D41BE8E82E00290AD5;
					};
				};
			};
			buildConfigurationList = AD1D04D01BE8E82E00290AD5 /* Build configuration list for PBXProject "SmallPocket" */;
			compatibilityVersion = "Xcode 3.2";
			developmentRegion = English;
			hasScannedForEncodings = 0;
			knownRegions = (
				en,
				Base,
			);
			mainGroup = AD1D04CC1BE8E82E00290AD5;
			productRefGroup = AD1D04D61BE8E82E00290AD5 /* Products */;
			projectDirPath = "";
			projectRoot = "";
			targets = (
				AD1D04D41BE8E82E00290AD5 /* SmallPocket */,
				AD1D04ED1BE8E82E00290AD5 /* SmallPocketTests */,
			);
		};
/* End PBXProject section */

/* Begin PBXResourcesBuildPhase section */
		AD1D04D31BE8E82E00290AD5 /* Resources */ = {
			isa = PBXResourcesBuildPhase;
			buildActionMask = 2147483647;
			files = (
				AD49B82B1C2ABF7F00B3D75F /* delApp@2x.png in Resources */,
				AF871DEB1C2BDEE40037AD41 /* tabbar_like@2x.png in Resources */,
				AFD9BD361C21597500CB5C01 /* s_like@2x.png in Resources */,
				AD0154AE1C21A9BE00760FF0 /* us@2x.png in Resources */,
				AD49B82C1C2ABF7F00B3D75F /* delApp@3x.png in Resources */,
				ADACFC3C1C2E534B009D9C12 /* Default@2x.png in Resources */,
				AF871DEA1C2BDEE40037AD41 /* tabbar_like_select@2x.png in Resources */,
				AF871DED1C2BDEE40037AD41 /* tabbar_more@2x.png in Resources */,
				AD1D04E51BE8E82E00290AD5 /* Assets.xcassets in Resources */,
				ADACFC3A1C2E534B009D9C12 /* bg@3x.png in Resources */,
				AD46D2A81BF775F9002E71D2 /* tabbar_square_select@3x.png in Resources */,
				AD46D2A71BF775F9002E71D2 /* tabbar_more@3x.png in Resources */,
				AF871DE91C2BDEE40037AD41 /* tabbar_adv@2x.png in Resources */,
				AF871DEC1C2BDEE40037AD41 /* tabbar_more_select@2x.png in Resources */,
				AD0154AA1C21A5E700760FF0 /* addIcon@2x.png in Resources */,
				AF871DF11C2BDEE40037AD41 /* tabbar_switch@2x.png in Resources */,
				ADACFC391C2E534B009D9C12 /* bg@2x.png in Resources */,
				ADACFC3B1C2E534B009D9C12 /* Default-568h@2x.png in Resources */,
				AD46D2A61BF775F9002E71D2 /* tabbar_more_select@3x.png in Resources */,
				AF8A72A81C2A34DF003FA50F /* black_bg@3x.png in Resources */,
				AFD9BD341C21597500CB5C01 /* s_down@2x.png in Resources */,
				AF871DEF1C2BDEE40037AD41 /* tabbar_square@2x.png in Resources */,
				ADA64AE31BF72DC600FAA433 /* Podfile in Resources */,
				AD46D2A41BF775F9002E71D2 /* tabbar_like_select@3x.png in Resources */,
				AFD9BD331C21597500CB5C01 /* s_down_ed@2x.png in Resources */,
				AD46D2A51BF775F9002E71D2 /* tabbar_like@3x.png in Resources */,
				AD46D2AA1BF775F9002E71D2 /* tabbar_switch_select@3x.png in Resources */,
				AF871DE81C2BDEE40037AD41 /* tabbar_adv_select@2x.png in Resources */,
				AD9EDFC11C0AEE7900814ABD /* btn_search_select@2x.png in Resources */,
				AD46D2A91BF775F9002E71D2 /* tabbar_square@3x.png in Resources */,
				ADD2440F1C09DC95001EAC3E /* left_type@2x.png in Resources */,
				AFD9BD351C21597500CB5C01 /* s_like_ed@2x.png in Resources */,
				AD1D04E31BE8E82E00290AD5 /* Main.storyboard in Resources */,
				AD46D2A11BF775F9002E71D2 /* .DS_Store in Resources */,
				AD49B8281C2ABD0F00B3D75F /* delete@3x.png in Resources */,
				AD46D2A31BF775F9002E71D2 /* tabbar_adv@3x.png in Resources */,
				AF8A72A71C2A34DF003FA50F /* black_bg@2x.png in Resources */,
				AD0154AB1C21A5E700760FF0 /* addIcon@3x.png in Resources */,
				AD46D2A21BF775F9002E71D2 /* tabbar_adv_select@3x.png in Resources */,
				AD46D2811BF749E6002E71D2 /* btn_back@3x.png in Resources */,
				AD0154AF1C21A9BE00760FF0 /* us@3x.png in Resources */,
				AD9EDFC21C0AEE7900814ABD /* btn_search@2x.png in Resources */,
				AF871DF01C2BDEE40037AD41 /* tabbar_switch_select@2x.png in Resources */,
				AD49B8271C2ABD0F00B3D75F /* delete@2x.png in Resources */,
				AD46D2AB1BF775F9002E71D2 /* tabbar_switch@3x.png in Resources */,
				AF871DEE1C2BDEE40037AD41 /* tabbar_square_select@2x.png in Resources */,
			);
			runOnlyForDeploymentPostprocessing = 0;
		};
		AD1D04EC1BE8E82E00290AD5 /* Resources */ = {
			isa = PBXResourcesBuildPhase;
			buildActionMask = 2147483647;
			files = (
			);
			runOnlyForDeploymentPostprocessing = 0;
		};
/* End PBXResourcesBuildPhase section */

/* Begin PBXShellScriptBuildPhase section */
		078EB6DD9A4FA9A5FEBCF5BE /* Check Pods Manifest.lock */ = {
			isa = PBXShellScriptBuildPhase;
			buildActionMask = 2147483647;
			files = (
			);
			inputPaths = (
			);
			name = "Check Pods Manifest.lock";
			outputPaths = (
			);
			runOnlyForDeploymentPostprocessing = 0;
			shellPath = /bin/sh;
			shellScript = "diff \"${PODS_ROOT}/../Podfile.lock\" \"${PODS_ROOT}/Manifest.lock\" > /dev/null\nif [[ $? != 0 ]] ; then\n    cat << EOM\nerror: The sandbox is not in sync with the Podfile.lock. Run 'pod install' or update your CocoaPods installation.\nEOM\n    exit 1\nfi\n";
			showEnvVarsInLog = 0;
		};
		279F48A7BAC2431630F4A13B /* Copy Pods Resources */ = {
			isa = PBXShellScriptBuildPhase;
			buildActionMask = 2147483647;
			files = (
			);
			inputPaths = (
			);
			name = "Copy Pods Resources";
			outputPaths = (
			);
			runOnlyForDeploymentPostprocessing = 0;
			shellPath = /bin/sh;
			shellScript = "\"${SRCROOT}/Pods/Target Support Files/Pods/Pods-resources.sh\"\n";
			showEnvVarsInLog = 0;
		};
		B9A2756B71BC883958409F3C /* Embed Pods Frameworks */ = {
			isa = PBXShellScriptBuildPhase;
			buildActionMask = 2147483647;
			files = (
			);
			inputPaths = (
			);
			name = "Embed Pods Frameworks";
			outputPaths = (
			);
			runOnlyForDeploymentPostprocessing = 0;
			shellPath = /bin/sh;
			shellScript = "\"${SRCROOT}/Pods/Target Support Files/Pods/Pods-frameworks.sh\"\n";
			showEnvVarsInLog = 0;
		};
/* End PBXShellScriptBuildPhase section */

/* Begin PBXSourcesBuildPhase section */
		AD1D04D11BE8E82E00290AD5 /* Sources */ = {
			isa = PBXSourcesBuildPhase;
			buildActionMask = 2147483647;
			files = (
				AD4729F31C29AD5100F50EB8 /* AppTypeListVC.m in Sources */,
				AD1D04DD1BE8E82E00290AD5 /* AppDelegate.m in Sources */,
				AD472A0B1C29AD8000F50EB8 /* CoreDataManager.m in Sources */,
				AD4729F81C29AD5100F50EB8 /* SquareListHeaderCell.m in Sources */,
				AD472A011C29AD5100F50EB8 /* OpenWebAppVC.m in Sources */,
				AD49B82F1C2ABFD000B3D75F /* LikeIndexVC.m in Sources */,
				AD4729FB1C29AD5100F50EB8 /* AppsModel.m in Sources */,
				AD472A001C29AD5100F50EB8 /* Util.m in Sources */,
				AD4729F61C29AD5100F50EB8 /* UploadAppVC.m in Sources */,
				AD4729F21C29AD5100F50EB8 /* AboutUsVC.m in Sources */,
				ADACFC411C301220009D9C12 /* Apps.m in Sources */,
				AD4729ED1C29AD5100F50EB8 /* AdvTableViewController.m in Sources */,
				AD472A0D1C29AD8000F50EB8 /* NSManagedObject+Mappings.m in Sources */,
				AD4729F71C29AD5100F50EB8 /* SquareListCell.m in Sources */,
				AD4729FE1C29AD5100F50EB8 /* Api.m in Sources */,
				AD472A0C1C29AD8000F50EB8 /* NSManagedObject+ActiveRecord.m in Sources */,
				AD4729FF1C29AD5100F50EB8 /* SmallPocket.xcdatamodeld in Sources */,
				AD4729F11C29AD5100F50EB8 /* SearchVC.m in Sources */,
				AD4729F51C29AD5100F50EB8 /* OpinionVC.m in Sources */,
				AD4729F41C29AD5100F50EB8 /* MoreViewController.m in Sources */,
				AD4729F91C29AD5100F50EB8 /* SquareListVC.m in Sources */,
				AD4729FA1C29AD5100F50EB8 /* ISwitchViewController.m in Sources */,
				AD4729FC1C29AD5100F50EB8 /* BaseModel.m in Sources */,
				AD1D04DA1BE8E82E00290AD5 /* main.m in Sources */,
				AD4729FD1C29AD5100F50EB8 /* OpenApps.m in Sources */,
			);
			runOnlyForDeploymentPostprocessing = 0;
		};
		AD1D04EA1BE8E82E00290AD5 /* Sources */ = {
			isa = PBXSourcesBuildPhase;
			buildActionMask = 2147483647;
			files = (
				AD1D04F31BE8E82E00290AD5 /* SmallPocketTests.m in Sources */,
			);
			runOnlyForDeploymentPostprocessing = 0;
		};
/* End PBXSourcesBuildPhase section */

/* Begin PBXTargetDependency section */
		AD1D04F01BE8E82E00290AD5 /* PBXTargetDependency */ = {
			isa = PBXTargetDependency;
			target = AD1D04D41BE8E82E00290AD5 /* SmallPocket */;
			targetProxy = AD1D04EF1BE8E82E00290AD5 /* PBXContainerItemProxy */;
		};
/* End PBXTargetDependency section */

/* Begin PBXVariantGroup section */
		AD1D04E11BE8E82E00290AD5 /* Main.storyboard */ = {
			isa = PBXVariantGroup;
			children = (
				AD1D04E21BE8E82E00290AD5 /* Base */,
			);
			name = Main.storyboard;
			sourceTree = "<group>";
		};
/* End PBXVariantGroup section */

/* Begin XCBuildConfiguration section */
		AD1D04F51BE8E82E00290AD5 /* Debug */ = {
			isa = XCBuildConfiguration;
			buildSettings = {
				ALWAYS_SEARCH_USER_PATHS = NO;
				CLANG_CXX_LANGUAGE_STANDARD = "gnu++0x";
				CLANG_CXX_LIBRARY = "libc++";
				CLANG_ENABLE_MODULES = YES;
				CLANG_ENABLE_OBJC_ARC = YES;
				CLANG_WARN_BOOL_CONVERSION = YES;
				CLANG_WARN_CONSTANT_CONVERSION = YES;
				CLANG_WARN_DIRECT_OBJC_ISA_USAGE = YES_ERROR;
				CLANG_WARN_EMPTY_BODY = YES;
				CLANG_WARN_ENUM_CONVERSION = YES;
				CLANG_WARN_INT_CONVERSION = YES;
				CLANG_WARN_OBJC_ROOT_CLASS = YES_ERROR;
				CLANG_WARN_UNREACHABLE_CODE = YES;
				CLANG_WARN__DUPLICATE_METHOD_MATCH = YES;
				"CODE_SIGN_IDENTITY[sdk=iphoneos*]" = "";
				COPY_PHASE_STRIP = NO;
				DEBUG_INFORMATION_FORMAT = dwarf;
				ENABLE_STRICT_OBJC_MSGSEND = YES;
				ENABLE_TESTABILITY = YES;
				GCC_C_LANGUAGE_STANDARD = gnu99;
				GCC_DYNAMIC_NO_PIC = NO;
				GCC_NO_COMMON_BLOCKS = YES;
				GCC_OPTIMIZATION_LEVEL = 0;
				GCC_PREPROCESSOR_DEFINITIONS = (
					"DEBUG=1",
					"$(inherited)",
				);
				GCC_WARN_64_TO_32_BIT_CONVERSION = YES;
				GCC_WARN_ABOUT_RETURN_TYPE = YES_ERROR;
				GCC_WARN_UNDECLARED_SELECTOR = YES;
				GCC_WARN_UNINITIALIZED_AUTOS = YES_AGGRESSIVE;
				GCC_WARN_UNUSED_FUNCTION = YES;
				GCC_WARN_UNUSED_VARIABLE = YES;
				IPHONEOS_DEPLOYMENT_TARGET = 9.1;
				MTL_ENABLE_DEBUG_INFO = YES;
				ONLY_ACTIVE_ARCH = YES;
				PROVISIONING_PROFILE = "189bfbdb-edf3-4c0f-9e61-f2283854427b";
				SDKROOT = iphoneos;
			};
			name = Debug;
		};
		AD1D04F61BE8E82E00290AD5 /* Release */ = {
			isa = XCBuildConfiguration;
			buildSettings = {
				ALWAYS_SEARCH_USER_PATHS = NO;
				CLANG_CXX_LANGUAGE_STANDARD = "gnu++0x";
				CLANG_CXX_LIBRARY = "libc++";
				CLANG_ENABLE_MODULES = YES;
				CLANG_ENABLE_OBJC_ARC = YES;
				CLANG_WARN_BOOL_CONVERSION = YES;
				CLANG_WARN_CONSTANT_CONVERSION = YES;
				CLANG_WARN_DIRECT_OBJC_ISA_USAGE = YES_ERROR;
				CLANG_WARN_EMPTY_BODY = YES;
				CLANG_WARN_ENUM_CONVERSION = YES;
				CLANG_WARN_INT_CONVERSION = YES;
				CLANG_WARN_OBJC_ROOT_CLASS = YES_ERROR;
				CLANG_WARN_UNREACHABLE_CODE = YES;
				CLANG_WARN__DUPLICATE_METHOD_MATCH = YES;
				"CODE_SIGN_IDENTITY[sdk=iphoneos*]" = "";
				COPY_PHASE_STRIP = NO;
				DEBUG_INFORMATION_FORMAT = "dwarf-with-dsym";
				ENABLE_NS_ASSERTIONS = NO;
				ENABLE_STRICT_OBJC_MSGSEND = YES;
				GCC_C_LANGUAGE_STANDARD = gnu99;
				GCC_NO_COMMON_BLOCKS = YES;
				GCC_WARN_64_TO_32_BIT_CONVERSION = YES;
				GCC_WARN_ABOUT_RETURN_TYPE = YES_ERROR;
				GCC_WARN_UNDECLARED_SELECTOR = YES;
				GCC_WARN_UNINITIALIZED_AUTOS = YES_AGGRESSIVE;
				GCC_WARN_UNUSED_FUNCTION = YES;
				GCC_WARN_UNUSED_VARIABLE = YES;
				IPHONEOS_DEPLOYMENT_TARGET = 9.1;
				MTL_ENABLE_DEBUG_INFO = NO;
				PROVISIONING_PROFILE = "189bfbdb-edf3-4c0f-9e61-f2283854427b";
				SDKROOT = iphoneos;
				VALIDATE_PRODUCT = YES;
			};
			name = Release;
		};
		AD1D04F81BE8E82E00290AD5 /* Debug */ = {
			isa = XCBuildConfiguration;
			baseConfigurationReference = 92D2E9CD36A7965A007E1E48 /* Pods.debug.xcconfig */;
			buildSettings = {
				ASSETCATALOG_COMPILER_APPICON_NAME = AppIcon;
				CODE_SIGN_IDENTITY = "";
				"CODE_SIGN_IDENTITY[sdk=iphoneos*]" = "";
				ENABLE_BITCODE = NO;
				INFOPLIST_FILE = SmallPocket/Info.plist;
				IPHONEOS_DEPLOYMENT_TARGET = 7.0;
				LD_RUNPATH_SEARCH_PATHS = "$(inherited) @executable_path/Frameworks";
				PRODUCT_BUNDLE_IDENTIFIER = com.yunyaoo.SmallPocket;
				PRODUCT_NAME = "$(TARGET_NAME)";
				PROVISIONING_PROFILE = "189bfbdb-edf3-4c0f-9e61-f2283854427b";
			};
			name = Debug;
		};
		AD1D04F91BE8E82E00290AD5 /* Release */ = {
			isa = XCBuildConfiguration;
			baseConfigurationReference = 93AB9FDBB4C6866740BCD8AE /* Pods.release.xcconfig */;
			buildSettings = {
				ASSETCATALOG_COMPILER_APPICON_NAME = AppIcon;
				CODE_SIGN_IDENTITY = "";
				"CODE_SIGN_IDENTITY[sdk=iphoneos*]" = "";
				ENABLE_BITCODE = NO;
				INFOPLIST_FILE = SmallPocket/Info.plist;
				IPHONEOS_DEPLOYMENT_TARGET = 7.0;
				LD_RUNPATH_SEARCH_PATHS = "$(inherited) @executable_path/Frameworks";
				PRODUCT_BUNDLE_IDENTIFIER = com.yunyaoo.SmallPocket;
				PRODUCT_NAME = "$(TARGET_NAME)";
				PROVISIONING_PROFILE = "189bfbdb-edf3-4c0f-9e61-f2283854427b";
			};
			name = Release;
		};
		AD1D04FB1BE8E82E00290AD5 /* Debug */ = {
			isa = XCBuildConfiguration;
			buildSettings = {
				BUNDLE_LOADER = "$(TEST_HOST)";
				INFOPLIST_FILE = SmallPocketTests/Info.plist;
				LD_RUNPATH_SEARCH_PATHS = "$(inherited) @executable_path/Frameworks @loader_path/Frameworks";
				PRODUCT_BUNDLE_IDENTIFIER = com.yunyaoo.SmallPocketTests;
				PRODUCT_NAME = "$(TARGET_NAME)";
				TEST_HOST = "$(BUILT_PRODUCTS_DIR)/SmallPocket.app/SmallPocket";
			};
			name = Debug;
		};
		AD1D04FC1BE8E82E00290AD5 /* Release */ = {
			isa = XCBuildConfiguration;
			buildSettings = {
				BUNDLE_LOADER = "$(TEST_HOST)";
				INFOPLIST_FILE = SmallPocketTests/Info.plist;
				LD_RUNPATH_SEARCH_PATHS = "$(inherited) @executable_path/Frameworks @loader_path/Frameworks";
				PRODUCT_BUNDLE_IDENTIFIER = com.yunyaoo.SmallPocketTests;
				PRODUCT_NAME = "$(TARGET_NAME)";
				TEST_HOST = "$(BUILT_PRODUCTS_DIR)/SmallPocket.app/SmallPocket";
			};
			name = Release;
		};
/* End XCBuildConfiguration section */

/* Begin XCConfigurationList section */
		AD1D04D01BE8E82E00290AD5 /* Build configuration list for PBXProject "SmallPocket" */ = {
			isa = XCConfigurationList;
			buildConfigurations = (
				AD1D04F51BE8E82E00290AD5 /* Debug */,
				AD1D04F61BE8E82E00290AD5 /* Release */,
			);
			defaultConfigurationIsVisible = 0;
			defaultConfigurationName = Release;
		};
		AD1D04F71BE8E82E00290AD5 /* Build configuration list for PBXNativeTarget "SmallPocket" */ = {
			isa = XCConfigurationList;
			buildConfigurations = (
				AD1D04F81BE8E82E00290AD5 /* Debug */,
				AD1D04F91BE8E82E00290AD5 /* Release */,
			);
			defaultConfigurationIsVisible = 0;
			defaultConfigurationName = Release;
		};
		AD1D04FA1BE8E82E00290AD5 /* Build configuration list for PBXNativeTarget "SmallPocketTests" */ = {
			isa = XCConfigurationList;
			buildConfigurations = (
				AD1D04FB1BE8E82E00290AD5 /* Debug */,
				AD1D04FC1BE8E82E00290AD5 /* Release */,
			);
			defaultConfigurationIsVisible = 0;
			defaultConfigurationName = Release;
		};
/* End XCConfigurationList section */

/* Begin XCVersionGroup section */
		AD4729E61C29AD5100F50EB8 /* SmallPocket.xcdatamodeld */ = {
			isa = XCVersionGroup;
			children = (
				AD4729E71C29AD5100F50EB8 /* SmallPocket.xcdatamodel */,
			);
			currentVersion = AD4729E71C29AD5100F50EB8 /* SmallPocket.xcdatamodel */;
			path = SmallPocket.xcdatamodeld;
			sourceTree = "<group>";
			versionGroupType = wrapper.xcdatamodel;
		};
/* End XCVersionGroup section */
	};
	rootObject = AD1D04CD1BE8E82E00290AD5 /* Project object */;
}
